// !$*UTF8*$!
{
	archiveVersion = 1;
	classes = {
	};
	objectVersion = 55;
	objects = {

/* Begin PBXBuildFile section */
		1CFFA1E0283D50CB00DDDF5A /* AppDelegate.swift in Sources */ = {isa = PBXBuildFile; fileRef = 1CFFA1DF283D50CB00DDDF5A /* AppDelegate.swift */; };
		1CFFA1E2283D50CB00DDDF5A /* SceneDelegate.swift in Sources */ = {isa = PBXBuildFile; fileRef = 1CFFA1E1283D50CB00DDDF5A /* SceneDelegate.swift */; };
		1CFFA1E4283D50CB00DDDF5A /* ViewController.swift in Sources */ = {isa = PBXBuildFile; fileRef = 1CFFA1E3283D50CB00DDDF5A /* ViewController.swift */; };
		1CFFA1E7283D50CB00DDDF5A /* Main.storyboard in Resources */ = {isa = PBXBuildFile; fileRef = 1CFFA1E5283D50CB00DDDF5A /* Main.storyboard */; };
		1CFFA1E9283D50CE00DDDF5A /* Assets.xcassets in Resources */ = {isa = PBXBuildFile; fileRef = 1CFFA1E8283D50CE00DDDF5A /* Assets.xcassets */; };
		1CFFA1EC283D50CE00DDDF5A /* LaunchScreen.storyboard in Resources */ = {isa = PBXBuildFile; fileRef = 1CFFA1EA283D50CE00DDDF5A /* LaunchScreen.storyboard */; };
		1CFFA1F7283D50CF00DDDF5A /* QuizTests.swift in Sources */ = {isa = PBXBuildFile; fileRef = 1CFFA1F6283D50CF00DDDF5A /* QuizTests.swift */; };
		1CFFA201283D50CF00DDDF5A /* QuizUITests.swift in Sources */ = {isa = PBXBuildFile; fileRef = 1CFFA200283D50CF00DDDF5A /* QuizUITests.swift */; };
		1CFFA203283D50CF00DDDF5A /* QuizUITestsLaunchTests.swift in Sources */ = {isa = PBXBuildFile; fileRef = 1CFFA202283D50CF00DDDF5A /* QuizUITestsLaunchTests.swift */; };
/* End PBXBuildFile section */

/* Begin PBXContainerItemProxy section */
		1CFFA1F3283D50CF00DDDF5A /* PBXContainerItemProxy */ = {
			isa = PBXContainerItemProxy;
			containerPortal = 1CFFA1D4283D50CB00DDDF5A /* Project object */;
			proxyType = 1;
			remoteGlobalIDString = 1CFFA1DB283D50CB00DDDF5A;
			remoteInfo = Quiz;
		};
		1CFFA1FD283D50CF00DDDF5A /* PBXContainerItemProxy */ = {
			isa = PBXContainerItemProxy;
			containerPortal = 1CFFA1D4283D50CB00DDDF5A /* Project object */;
			proxyType = 1;
			remoteGlobalIDString = 1CFFA1DB283D50CB00DDDF5A;
			remoteInfo = Quiz;
		};
/* End PBXContainerItemProxy section */

/* Begin PBXFileReference section */
		1CFFA1DC283D50CB00DDDF5A /* Quiz.app */ = {isa = PBXFileReference; explicitFileType = wrapper.application; includeInIndex = 0; path = Quiz.app; sourceTree = BUILT_PRODUCTS_DIR; };
		1CFFA1DF283D50CB00DDDF5A /* AppDelegate.swift */ = {isa = PBXFileReference; lastKnownFileType = sourcecode.swift; path = AppDelegate.swift; sourceTree = "<group>"; };
		1CFFA1E1283D50CB00DDDF5A /* SceneDelegate.swift */ = {isa = PBXFileReference; lastKnownFileType = sourcecode.swift; path = SceneDelegate.swift; sourceTree = "<group>"; };
		1CFFA1E3283D50CB00DDDF5A /* ViewController.swift */ = {isa = PBXFileReference; lastKnownFileType = sourcecode.swift; path = ViewController.swift; sourceTree = "<group>"; };
		1CFFA1E6283D50CB00DDDF5A /* Base */ = {isa = PBXFileReference; lastKnownFileType = file.storyboard; name = Base; path = Base.lproj/Main.storyboard; sourceTree = "<group>"; };
		1CFFA1E8283D50CE00DDDF5A /* Assets.xcassets */ = {isa = PBXFileReference; lastKnownFileType = folder.assetcatalog; path = Assets.xcassets; sourceTree = "<group>"; };
		1CFFA1EB283D50CE00DDDF5A /* Base */ = {isa = PBXFileReference; lastKnownFileType = file.storyboard; name = Base; path = Base.lproj/LaunchScreen.storyboard; sourceTree = "<group>"; };
		1CFFA1ED283D50CF00DDDF5A /* Info.plist */ = {isa = PBXFileReference; lastKnownFileType = text.plist.xml; path = Info.plist; sourceTree = "<group>"; };
		1CFFA1F2283D50CF00DDDF5A /* QuizTests.xctest */ = {isa = PBXFileReference; explicitFileType = wrapper.cfbundle; includeInIndex = 0; path = QuizTests.xctest; sourceTree = BUILT_PRODUCTS_DIR; };
		1CFFA1F6283D50CF00DDDF5A /* QuizTests.swift */ = {isa = PBXFileReference; lastKnownFileType = sourcecode.swift; path = QuizTests.swift; sourceTree = "<group>"; };
		1CFFA1FC283D50CF00DDDF5A /* QuizUITests.xctest */ = {isa = PBXFileReference; explicitFileType = wrapper.cfbundle; includeInIndex = 0; path = QuizUITests.xctest; sourceTree = BUILT_PRODUCTS_DIR; };
		1CFFA200283D50CF00DDDF5A /* QuizUITests.swift */ = {isa = PBXFileReference; lastKnownFileType = sourcecode.swift; path = QuizUITests.swift; sourceTree = "<group>"; };
		1CFFA202283D50CF00DDDF5A /* QuizUITestsLaunchTests.swift */ = {isa = PBXFileReference; lastKnownFileType = sourcecode.swift; path = QuizUITestsLaunchTests.swift; sourceTree = "<group>"; };
/* End PBXFileReference section */

/* Begin PBXFrameworksBuildPhase section */
		1CFFA1D9283D50CB00DDDF5A /* Frameworks */ = {
			isa = PBXFrameworksBuildPhase;
			buildActionMask = 2147483647;
			files = (
			);
			runOnlyForDeploymentPostprocessing = 0;
		};
		1CFFA1EF283D50CF00DDDF5A /* Frameworks */ = {
			isa = PBXFrameworksBuildPhase;
			buildActionMask = 2147483647;
			files = (
			);
			runOnlyForDeploymentPostprocessing = 0;
		};
		1CFFA1F9283D50CF00DDDF5A /* Frameworks */ = {
			isa = PBXFrameworksBuildPhase;
			buildActionMask = 2147483647;
			files = (
			);
			runOnlyForDeploymentPostprocessing = 0;
		};
/* End PBXFrameworksBuildPhase section */

/* Begin PBXGroup section */
		1CFFA1D3283D50CB00DDDF5A = {
			isa = PBXGroup;
			children = (
				1CFFA1DE283D50CB00DDDF5A /* Quiz */,
				1CFFA1F5283D50CF00DDDF5A /* QuizTests */,
				1CFFA1FF283D50CF00DDDF5A /* QuizUITests */,
				1CFFA1DD283D50CB00DDDF5A /* Products */,
			);
			sourceTree = "<group>";
		};
		1CFFA1DD283D50CB00DDDF5A /* Products */ = {
			isa = PBXGroup;
			children = (
				1CFFA1DC283D50CB00DDDF5A /* Quiz.app */,
				1CFFA1F2283D50CF00DDDF5A /* QuizTests.xctest */,
				1CFFA1FC283D50CF00DDDF5A /* QuizUITests.xctest */,
			);
			name = Products;
			sourceTree = "<group>";
		};
		1CFFA1DE283D50CB00DDDF5A /* Quiz */ = {
			isa = PBXGroup;
			children = (
				1CFFA1DF283D50CB00DDDF5A /* AppDelegate.swift */,
				1CFFA1E1283D50CB00DDDF5A /* SceneDelegate.swift */,
				1CFFA1E3283D50CB00DDDF5A /* ViewController.swift */,
				1CFFA1E5283D50CB00DDDF5A /* Main.storyboard */,
				1CFFA1E8283D50CE00DDDF5A /* Assets.xcassets */,
				1CFFA1EA283D50CE00DDDF5A /* LaunchScreen.storyboard */,
				1CFFA1ED283D50CF00DDDF5A /* Info.plist */,
			);
			path = Quiz;
			sourceTree = "<group>";
		};
		1CFFA1F5283D50CF00DDDF5A /* QuizTests */ = {
			isa = PBXGroup;
			children = (
				1CFFA1F6283D50CF00DDDF5A /* QuizTests.swift */,
			);
			path = QuizTests;
			sourceTree = "<group>";
		};
		1CFFA1FF283D50CF00DDDF5A /* QuizUITests */ = {
			isa = PBXGroup;
			children = (
				1CFFA200283D50CF00DDDF5A /* QuizUITests.swift */,
				1CFFA202283D50CF00DDDF5A /* QuizUITestsLaunchTests.swift */,
			);
			path = QuizUITests;
			sourceTree = "<group>";
		};
/* End PBXGroup section */

/* Begin PBXNativeTarget section */
		1CFFA1DB283D50CB00DDDF5A /* Quiz */ = {
			isa = PBXNativeTarget;
			buildConfigurationList = 1CFFA206283D50CF00DDDF5A /* Build configuration list for PBXNativeTarget "Quiz" */;
			buildPhases = (
				1CFFA1D8283D50CB00DDDF5A /* Sources */,
				1CFFA1D9283D50CB00DDDF5A /* Frameworks */,
				1CFFA1DA283D50CB00DDDF5A /* Resources */,
			);
			buildRules = (
			);
			dependencies = (
			);
			name = Quiz;
			productName = Quiz;
			productReference = 1CFFA1DC283D50CB00DDDF5A /* Quiz.app */;
			productType = "com.apple.product-type.application";
		};
		1CFFA1F1283D50CF00DDDF5A /* QuizTests */ = {
			isa = PBXNativeTarget;
			buildConfigurationList = 1CFFA209283D50CF00DDDF5A /* Build configuration list for PBXNativeTarget "QuizTests" */;
			buildPhases = (
				1CFFA1EE283D50CF00DDDF5A /* Sources */,
				1CFFA1EF283D50CF00DDDF5A /* Frameworks */,
				1CFFA1F0283D50CF00DDDF5A /* Resources */,
			);
			buildRules = (
			);
			dependencies = (
				1CFFA1F4283D50CF00DDDF5A /* PBXTargetDependency */,
			);
			name = QuizTests;
			productName = QuizTests;
			productReference = 1CFFA1F2283D50CF00DDDF5A /* QuizTests.xctest */;
			productType = "com.apple.product-type.bundle.unit-test";
		};
		1CFFA1FB283D50CF00DDDF5A /* QuizUITests */ = {
			isa = PBXNativeTarget;
			buildConfigurationList = 1CFFA20C283D50CF00DDDF5A /* Build configuration list for PBXNativeTarget "QuizUITests" */;
			buildPhases = (
				1CFFA1F8283D50CF00DDDF5A /* Sources */,
				1CFFA1F9283D50CF00DDDF5A /* Frameworks */,
				1CFFA1FA283D50CF00DDDF5A /* Resources */,
			);
			buildRules = (
			);
			dependencies = (
				1CFFA1FE283D50CF00DDDF5A /* PBXTargetDependency */,
			);
			name = QuizUITests;
			productName = QuizUITests;
			productReference = 1CFFA1FC283D50CF00DDDF5A /* QuizUITests.xctest */;
			productType = "com.apple.product-type.bundle.ui-testing";
		};
/* End PBXNativeTarget section */

/* Begin PBXProject section */
		1CFFA1D4283D50CB00DDDF5A /* Project object */ = {
			isa = PBXProject;
			attributes = {
				BuildIndependentTargetsInParallel = 1;
				LastSwiftUpdateCheck = 1340;
				LastUpgradeCheck = 1340;
				TargetAttributes = {
					1CFFA1DB283D50CB00DDDF5A = {
						CreatedOnToolsVersion = 13.4;
					};
					1CFFA1F1283D50CF00DDDF5A = {
						CreatedOnToolsVersion = 13.4;
						TestTargetID = 1CFFA1DB283D50CB00DDDF5A;
					};
					1CFFA1FB283D50CF00DDDF5A = {
						CreatedOnToolsVersion = 13.4;
						TestTargetID = 1CFFA1DB283D50CB00DDDF5A;
					};
				};
			};
			buildConfigurationList = 1CFFA1D7283D50CB00DDDF5A /* Build configuration list for PBXProject "Quiz" */;
			compatibilityVersion = "Xcode 13.0";
			developmentRegion = en;
			hasScannedForEncodings = 0;
			knownRegions = (
				en,
				Base,
			);
			mainGroup = 1CFFA1D3283D50CB00DDDF5A;
			productRefGroup = 1CFFA1DD283D50CB00DDDF5A /* Products */;
			projectDirPath = "";
			projectRoot = "";
			targets = (
				1CFFA1DB283D50CB00DDDF5A /* Quiz */,
				1CFFA1F1283D50CF00DDDF5A /* QuizTests */,
				1CFFA1FB283D50CF00DDDF5A /* QuizUITests */,
			);
		};
/* End PBXProject section */

/* Begin PBXResourcesBuildPhase section */
		1CFFA1DA283D50CB00DDDF5A /* Resources */ = {
			isa = PBXResourcesBuildPhase;
			buildActionMask = 2147483647;
			files = (
				1CFFA1EC283D50CE00DDDF5A /* LaunchScreen.storyboard in Resources */,
				1CFFA1E9283D50CE00DDDF5A /* Assets.xcassets in Resources */,
				1CFFA1E7283D50CB00DDDF5A /* Main.storyboard in Resources */,
			);
			runOnlyForDeploymentPostprocessing = 0;
		};
		1CFFA1F0283D50CF00DDDF5A /* Resources */ = {
			isa = PBXResourcesBuildPhase;
			buildActionMask = 2147483647;
			files = (
			);
			runOnlyForDeploymentPostprocessing = 0;
		};
		1CFFA1FA283D50CF00DDDF5A /* Resources */ = {
			isa = PBXResourcesBuildPhase;
			buildActionMask = 2147483647;
			files = (
			);
			runOnlyForDeploymentPostprocessing = 0;
		};
/* End PBXResourcesBuildPhase section */

/* Begin PBXSourcesBuildPhase section */
		1CFFA1D8283D50CB00DDDF5A /* Sources */ = {
			isa = PBXSourcesBuildPhase;
			buildActionMask = 2147483647;
			files = (
				1CFFA1E4283D50CB00DDDF5A /* ViewController.swift in Sources */,
				1CFFA1E0283D50CB00DDDF5A /* AppDelegate.swift in Sources */,
				1CFFA1E2283D50CB00DDDF5A /* SceneDelegate.swift in Sources */,
			);
			runOnlyForDeploymentPostprocessing = 0;
		};
		1CFFA1EE283D50CF00DDDF5A /* Sources */ = {
			isa = PBXSourcesBuildPhase;
			buildActionMask = 2147483647;
			files = (
				1CFFA1F7283D50CF00DDDF5A /* QuizTests.swift in Sources */,
			);
			runOnlyForDeploymentPostprocessing = 0;
		};
		1CFFA1F8283D50CF00DDDF5A /* Sources */ = {
			isa = PBXSourcesBuildPhase;
			buildActionMask = 2147483647;
			files = (
				1CFFA201283D50CF00DDDF5A /* QuizUITests.swift in Sources */,
				1CFFA203283D50CF00DDDF5A /* QuizUITestsLaunchTests.swift in Sources */,
			);
			runOnlyForDeploymentPostprocessing = 0;
		};
/* End PBXSourcesBuildPhase section */

/* Begin PBXTargetDependency section */
		1CFFA1F4283D50CF00DDDF5A /* PBXTargetDependency */ = {
			isa = PBXTargetDependency;
			target = 1CFFA1DB283D50CB00DDDF5A /* Quiz */;
			targetProxy = 1CFFA1F3283D50CF00DDDF5A /* PBXContainerItemProxy */;
		};
		1CFFA1FE283D50CF00DDDF5A /* PBXTargetDependency */ = {
			isa = PBXTargetDependency;
			target = 1CFFA1DB283D50CB00DDDF5A /* Quiz */;
			targetProxy = 1CFFA1FD283D50CF00DDDF5A /* PBXContainerItemProxy */;
		};
/* End PBXTargetDependency section */

/* Begin PBXVariantGroup section */
		1CFFA1E5283D50CB00DDDF5A /* Main.storyboard */ = {
			isa = PBXVariantGroup;
			children = (
				1CFFA1E6283D50CB00DDDF5A /* Base */,
			);
			name = Main.storyboard;
			sourceTree = "<group>";
		};
		1CFFA1EA283D50CE00DDDF5A /* LaunchScreen.storyboard */ = {
			isa = PBXVariantGroup;
			children = (
				1CFFA1EB283D50CE00DDDF5A /* Base */,
			);
			name = LaunchScreen.storyboard;
			sourceTree = "<group>";
		};
/* End PBXVariantGroup section */

/* Begin XCBuildConfiguration section */
		1CFFA204283D50CF00DDDF5A /* Debug */ = {
			isa = XCBuildConfiguration;
			buildSettings = {
				ALWAYS_SEARCH_USER_PATHS = NO;
				CLANG_ANALYZER_NONNULL = YES;
				CLANG_ANALYZER_NUMBER_OBJECT_CONVERSION = YES_AGGRESSIVE;
				CLANG_CXX_LANGUAGE_STANDARD = "gnu++17";
				CLANG_ENABLE_MODULES = YES;
				CLANG_ENABLE_OBJC_ARC = YES;
				CLANG_ENABLE_OBJC_WEAK = YES;
				CLANG_WARN_BLOCK_CAPTURE_AUTORELEASING = YES;
				CLANG_WARN_BOOL_CONVERSION = YES;
				CLANG_WARN_COMMA = YES;
				CLANG_WARN_CONSTANT_CONVERSION = YES;
				CLANG_WARN_DEPRECATED_OBJC_IMPLEMENTATIONS = YES;
				CLANG_WARN_DIRECT_OBJC_ISA_USAGE = YES_ERROR;
				CLANG_WARN_DOCUMENTATION_COMMENTS = YES;
				CLANG_WARN_EMPTY_BODY = YES;
				CLANG_WARN_ENUM_CONVERSION = YES;
				CLANG_WARN_INFINITE_RECURSION = YES;
				CLANG_WARN_INT_CONVERSION = YES;
				CLANG_WARN_NON_LITERAL_NULL_CONVERSION = YES;
				CLANG_WARN_OBJC_IMPLICIT_RETAIN_SELF = YES;
				CLANG_WARN_OBJC_LITERAL_CONVERSION = YES;
				CLANG_WARN_OBJC_ROOT_CLASS = YES_ERROR;
				CLANG_WARN_QUOTED_INCLUDE_IN_FRAMEWORK_HEADER = YES;
				CLANG_WARN_RANGE_LOOP_ANALYSIS = YES;
				CLANG_WARN_STRICT_PROTOTYPES = YES;
				CLANG_WARN_SUSPICIOUS_MOVE = YES;
				CLANG_WARN_UNGUARDED_AVAILABILITY = YES_AGGRESSIVE;
				CLANG_WARN_UNREACHABLE_CODE = YES;
				CLANG_WARN__DUPLICATE_METHOD_MATCH = YES;
				COPY_PHASE_STRIP = NO;
				DEBUG_INFORMATION_FORMAT = dwarf;
				ENABLE_STRICT_OBJC_MSGSEND = YES;
				ENABLE_TESTABILITY = YES;
				GCC_C_LANGUAGE_STANDARD = gnu11;
				GCC_DYNAMIC_NO_PIC = NO;
				GCC_NO_COMMON_BLOCKS = YES;
				GCC_OPTIMIZATION_LEVEL = 0;
				GCC_PREPROCESSOR_DEFINITIONS = (
					"DEBUG=1",
					"$(inherited)",
				);
				GCC_WARN_64_TO_32_BIT_CONVERSION = YES;
				GCC_WARN_ABOUT_RETURN_TYPE = YES_ERROR;
				GCC_WARN_UNDECLARED_SELECTOR = YES;
				GCC_WARN_UNINITIALIZED_AUTOS = YES_AGGRESSIVE;
				GCC_WARN_UNUSED_FUNCTION = YES;
				GCC_WARN_UNUSED_VARIABLE = YES;
				IPHONEOS_DEPLOYMENT_TARGET = 15.5;
				MTL_ENABLE_DEBUG_INFO = INCLUDE_SOURCE;
				MTL_FAST_MATH = YES;
				ONLY_ACTIVE_ARCH = YES;
				SDKROOT = iphoneos;
				SWIFT_ACTIVE_COMPILATION_CONDITIONS = DEBUG;
				SWIFT_OPTIMIZATION_LEVEL = "-Onone";
			};
			name = Debug;
		};
		1CFFA205283D50CF00DDDF5A /* Release */ = {
			isa = XCBuildConfiguration;
			buildSettings = {
				ALWAYS_SEARCH_USER_PATHS = NO;
				CLANG_ANALYZER_NONNULL = YES;
				CLANG_ANALYZER_NUMBER_OBJECT_CONVERSION = YES_AGGRESSIVE;
				CLANG_CXX_LANGUAGE_STANDARD = "gnu++17";
				CLANG_ENABLE_MODULES = YES;
				CLANG_ENABLE_OBJC_ARC = YES;
				CLANG_ENABLE_OBJC_WEAK = YES;
				CLANG_WARN_BLOCK_CAPTURE_AUTORELEASING = YES;
				CLANG_WARN_BOOL_CONVERSION = YES;
				CLANG_WARN_COMMA = YES;
				CLANG_WARN_CONSTANT_CONVERSION = YES;
				CLANG_WARN_DEPRECATED_OBJC_IMPLEMENTATIONS = YES;
				CLANG_WARN_DIRECT_OBJC_ISA_USAGE = YES_ERROR;
				CLANG_WARN_DOCUMENTATION_COMMENTS = YES;
				CLANG_WARN_EMPTY_BODY = YES;
				CLANG_WARN_ENUM_CONVERSION = YES;
				CLANG_WARN_INFINITE_RECURSION = YES;
				CLANG_WARN_INT_CONVERSION = YES;
				CLANG_WARN_NON_LITERAL_NULL_CONVERSION = YES;
				CLANG_WARN_OBJC_IMPLICIT_RETAIN_SELF = YES;
				CLANG_WARN_OBJC_LITERAL_CONVERSION = YES;
				CLANG_WARN_OBJC_ROOT_CLASS = YES_ERROR;
				CLANG_WARN_QUOTED_INCLUDE_IN_FRAMEWORK_HEADER = YES;
				CLANG_WARN_RANGE_LOOP_ANALYSIS = YES;
				CLANG_WARN_STRICT_PROTOTYPES = YES;
				CLANG_WARN_SUSPICIOUS_MOVE = YES;
				CLANG_WARN_UNGUARDED_AVAILABILITY = YES_AGGRESSIVE;
				CLANG_WARN_UNREACHABLE_CODE = YES;
				CLANG_WARN__DUPLICATE_METHOD_MATCH = YES;
				COPY_PHASE_STRIP = NO;
				DEBUG_INFORMATION_FORMAT = "dwarf-with-dsym";
				ENABLE_NS_ASSERTIONS = NO;
				ENABLE_STRICT_OBJC_MSGSEND = YES;
				GCC_C_LANGUAGE_STANDARD = gnu11;
				GCC_NO_COMMON_BLOCKS = YES;
				GCC_WARN_64_TO_32_BIT_CONVERSION = YES;
				GCC_WARN_ABOUT_RETURN_TYPE = YES_ERROR;
				GCC_WARN_UNDECLARED_SELECTOR = YES;
				GCC_WARN_UNINITIALIZED_AUTOS = YES_AGGRESSIVE;
				GCC_WARN_UNUSED_FUNCTION = YES;
				GCC_WARN_UNUSED_VARIABLE = YES;
				IPHONEOS_DEPLOYMENT_TARGET = 15.5;
				MTL_ENABLE_DEBUG_INFO = NO;
				MTL_FAST_MATH = YES;
				SDKROOT = iphoneos;
				SWIFT_COMPILATION_MODE = wholemodule;
				SWIFT_OPTIMIZATION_LEVEL = "-O";
				VALIDATE_PRODUCT = YES;
			};
			name = Release;
		};
		1CFFA207283D50CF00DDDF5A /* Debug */ = {
			isa = XCBuildConfiguration;
			buildSettings = {
				ASSETCATALOG_COMPILER_APPICON_NAME = AppIcon;
				ASSETCATALOG_COMPILER_GLOBAL_ACCENT_COLOR_NAME = AccentColor;
				CODE_SIGN_STYLE = Automatic;
				CURRENT_PROJECT_VERSION = 1;
				DEVELOPMENT_TEAM = T2VL29ER23;
				GENERATE_INFOPLIST_FILE = YES;
				INFOPLIST_FILE = Quiz/Info.plist;
				INFOPLIST_KEY_UIApplicationSupportsIndirectInputEvents = YES;
				INFOPLIST_KEY_UILaunchStoryboardName = LaunchScreen;
				INFOPLIST_KEY_UIMainStoryboardFile = Main;
				INFOPLIST_KEY_UISupportedInterfaceOrientations_iPad = "UIInterfaceOrientationPortrait UIInterfaceOrientationPortraitUpsideDown UIInterfaceOrientationLandscapeLeft UIInterfaceOrientationLandscapeRight";
				INFOPLIST_KEY_UISupportedInterfaceOrientations_iPhone = "UIInterfaceOrientationPortrait UIInterfaceOrientationLandscapeLeft UIInterfaceOrientationLandscapeRight";
				LD_RUNPATH_SEARCH_PATHS = (
					"$(inherited)",
					"@executable_path/Frameworks",
				);
				MARKETING_VERSION = 1.0;
				PRODUCT_BUNDLE_IDENTIFIER = com.leon.Quiz;
				PRODUCT_NAME = "$(TARGET_NAME)";
				SWIFT_EMIT_LOC_STRINGS = YES;
				SWIFT_VERSION = 5.0;
				TARGETED_DEVICE_FAMILY = "1,2";
			};
			name = Debug;
		};
		1CFFA208283D50CF00DDDF5A /* Release */ = {
			isa = XCBuildConfiguration;
			buildSettings = {
				ASSETCATALOG_COMPILER_APPICON_NAME = AppIcon;
				ASSETCATALOG_COMPILER_GLOBAL_ACCENT_COLOR_NAME = AccentColor;
				CODE_SIGN_STYLE = Automatic;
				CURRENT_PROJECT_VERSION = 1;
				DEVELOPMENT_TEAM = T2VL29ER23;
				GENERATE_INFOPLIST_FILE = YES;
				INFOPLIST_FILE = Quiz/Info.plist;
				INFOPLIST_KEY_UIApplicationSupportsIndirectInputEvents = YES;
				INFOPLIST_KEY_UILaunchStoryboardName = LaunchScreen;
				INFOPLIST_KEY_UIMainStoryboardFile = Main;
				INFOPLIST_KEY_UISupportedInterfaceOrientations_iPad = "UIInterfaceOrientationPortrait UIInterfaceOrientationPortraitUpsideDown UIInterfaceOrientationLandscapeLeft UIInterfaceOrientationLandscapeRight";
				INFOPLIST_KEY_UISupportedInterfaceOrientations_iPhone = "UIInterfaceOrientationPortrait UIInterfaceOrientationLandscapeLeft UIInterfaceOrientationLandscapeRight";
				LD_RUNPATH_SEARCH_PATHS = (
					"$(inherited)",
					"@executable_path/Frameworks",
				);
				MARKETING_VERSION = 1.0;
				PRODUCT_BUNDLE_IDENTIFIER = com.leon.Quiz;
				PRODUCT_NAME = "$(TARGET_NAME)";
				SWIFT_EMIT_LOC_STRINGS = YES;
				SWIFT_VERSION = 5.0;
				TARGETED_DEVICE_FAMILY = "1,2";
			};
			name = Release;
		};
		1CFFA20A283D50CF00DDDF5A /* Debug */ = {
			isa = XCBuildConfiguration;
			buildSettings = {
				ALWAYS_EMBED_SWIFT_STANDARD_LIBRARIES = YES;
				BUNDLE_LOADER = "$(TEST_HOST)";
				CODE_SIGN_STYLE = Automatic;
				CURRENT_PROJECT_VERSION = 1;
				DEVELOPMENT_TEAM = T2VL29ER23;
				GENERATE_INFOPLIST_FILE = YES;
				IPHONEOS_DEPLOYMENT_TARGET = 15.5;
				MARKETING_VERSION = 1.0;
				PRODUCT_BUNDLE_IDENTIFIER = com.leon.QuizTests;
				PRODUCT_NAME = "$(TARGET_NAME)";
				SWIFT_EMIT_LOC_STRINGS = NO;
				SWIFT_VERSION = 5.0;
				TARGETED_DEVICE_FAMILY = "1,2";
				TEST_HOST = "$(BUILT_PRODUCTS_DIR)/Quiz.app/Quiz";
			};
			name = Debug;
		};
		1CFFA20B283D50CF00DDDF5A /* Release */ = {
			isa = XCBuildConfiguration;
			buildSettings = {
				ALWAYS_EMBED_SWIFT_STANDARD_LIBRARIES = YES;
				BUNDLE_LOADER = "$(TEST_HOST)";
				CODE_SIGN_STYLE = Automatic;
				CURRENT_PROJECT_VERSION = 1;
				DEVELOPMENT_TEAM = T2VL29ER23;
				GENERATE_INFOPLIST_FILE = YES;
				IPHONEOS_DEPLOYMENT_TARGET = 15.5;
				MARKETING_VERSION = 1.0;
				PRODUCT_BUNDLE_IDENTIFIER = com.leon.QuizTests;
				PRODUCT_NAME = "$(TARGET_NAME)";
				SWIFT_EMIT_LOC_STRINGS = NO;
				SWIFT_VERSION = 5.0;
				TARGETED_DEVICE_FAMILY = "1,2";
				TEST_HOST = "$(BUILT_PRODUCTS_DIR)/Quiz.app/Quiz";
			};
			name = Release;
		};
		1CFFA20D283D50CF00DDDF5A /* Debug */ = {
			isa = XCBuildConfiguration;
			buildSettings = {
				ALWAYS_EMBED_SWIFT_STANDARD_LIBRARIES = YES;
				CODE_SIGN_STYLE = Automatic;
				CURRENT_PROJECT_VERSION = 1;
				DEVELOPMENT_TEAM = T2VL29ER23;
				GENERATE_INFOPLIST_FILE = YES;
				MARKETING_VERSION = 1.0;
				PRODUCT_BUNDLE_IDENTIFIER = com.leon.QuizUITests;
				PRODUCT_NAME = "$(TARGET_NAME)";
				SWIFT_EMIT_LOC_STRINGS = NO;
				SWIFT_VERSION = 5.0;
				TARGETED_DEVICE_FAMILY = "1,2";
				TEST_TARGET_NAME = Quiz;
			};
			name = Debug;
		};
		1CFFA20E283D50CF00DDDF5A /* Release */ = {
			isa = XCBuildConfiguration;
			buildSettings = {
				ALWAYS_EMBED_SWIFT_STANDARD_LIBRARIES = YES;
				CODE_SIGN_STYLE = Automatic;
				CURRENT_PROJECT_VERSION = 1;
				DEVELOPMENT_TEAM = T2VL29ER23;
				GENERATE_INFOPLIST_FILE = YES;
				MARKETING_VERSION = 1.0;
				PRODUCT_BUNDLE_IDENTIFIER = com.leon.QuizUITests;
				PRODUCT_NAME = "$(TARGET_NAME)";
				SWIFT_EMIT_LOC_STRINGS = NO;
				SWIFT_VERSION = 5.0;
				TARGETED_DEVICE_FAMILY = "1,2";
				TEST_TARGET_NAME = Quiz;
			};
			name = Release;
		};
/* End XCBuildConfiguration section */

/* Begin XCConfigurationList section */
		1CFFA1D7283D50CB00DDDF5A /* Build configuration list for PBXProject "Quiz" */ = {
			isa = XCConfigurationList;
			buildConfigurations = (
				1CFFA204283D50CF00DDDF5A /* Debug */,
				1CFFA205283D50CF00DDDF5A /* Release */,
			);
			defaultConfigurationIsVisible = 0;
			defaultConfigurationName = Release;
		};
		1CFFA206283D50CF00DDDF5A /* Build configuration list for PBXNativeTarget "Quiz" */ = {
			isa = XCConfigurationList;
			buildConfigurations = (
				1CFFA207283D50CF00DDDF5A /* Debug */,
				1CFFA208283D50CF00DDDF5A /* Release */,
			);
			defaultConfigurationIsVisible = 0;
			defaultConfigurationName = Release;
		};
		1CFFA209283D50CF00DDDF5A /* Build configuration list for PBXNativeTarget "QuizTests" */ = {
			isa = XCConfigurationList;
			buildConfigurations = (
				1CFFA20A283D50CF00DDDF5A /* Debug */,
				1CFFA20B283D50CF00DDDF5A /* Release */,
			);
			defaultConfigurationIsVisible = 0;
			defaultConfigurationName = Release;
		};
		1CFFA20C283D50CF00DDDF5A /* Build configuration list for PBXNativeTarget "QuizUITests" */ = {
			isa = XCConfigurationList;
			buildConfigurations = (
				1CFFA20D283D50CF00DDDF5A /* Debug */,
				1CFFA20E283D50CF00DDDF5A /* Release */,
			);
			defaultConfigurationIsVisible = 0;
			defaultConfigurationName = Release;
		};
/* End XCConfigurationList section */
	};
	rootObject = 1CFFA1D4283D50CB00DDDF5A /* Project object */;
}
